
Microsoft Visual Studio Solution File, Format Version 12.00
# Visual Studio Version 17
VisualStudioVersion = 17.3.32901.215
MinimumVisualStudioVersion = 10.0.40219.1
Project("{8BC9CEB8-8B4A-11D0-8D11-00A0C91BC942}") = "TP_EDA", "TP_EDA\TP_EDA.vcxproj", "{60486248-915C-4DE1-8D16-19A4C412DA5C}"
EndProject
Global
	GlobalSection(SolutionConfigurationPlatforms) = preSolution
		Debug|x64 = Debug|x64
		Debug|x86 = Debug|x86
		Release|x64 = Release|x64
		Release|x86 = Release|x86
	EndGlobalSection
	GlobalSection(ProjectConfigurationPlatforms) = postSolution
		{60486248-915C-4DE1-8D16-19A4C412DA5C}.Debug|x64.ActiveCfg = Debug|x64
		{60486248-915C-4DE1-8D16-19A4C412DA5C}.Debug|x64.Build.0 = Debug|x64
		{60486248-915C-4DE1-8D16-19A4C412DA5C}.Debug|x86.ActiveCfg = Debug|Win32
		{60486248-915C-4DE1-8D16-19A4C412DA5C}.Debug|x86.Build.0 = Debug|Win32
		{60486248-915C-4DE1-8D16-19A4C412DA5C}.Release|x64.ActiveCfg = Release|x64
		{60486248-915C-4DE1-8D16-19A4C412DA5C}.Release|x64.Build.0 = Release|x64
		{60486248-915C-4DE1-8D16-19A4C412DA5C}.Release|x86.ActiveCfg = Release|Win32
		{60486248-915C-4DE1-8D16-19A4C412DA5C}.Release|x86.Build.0 = Release|Win32
	EndGlobalSection
	GlobalSection(SolutionProperties) = preSolution
		HideSolutionNode = FALSE
	EndGlobalSection
	GlobalSection(ExtensibilityGlobals) = postSolution
		SolutionGuid = {1C8157D3-D9B5-4BCE-BA00-C66399E4D12E}
	EndGlobalSection
EndGlobal
